
Microsoft Visual Studio Solution File, Format Version 12.00
# Visual Studio Version 17
VisualStudioVersion = 17.1.32421.90
MinimumVisualStudioVersion = 10.0.40219.1
Project("{FAE04EC0-301F-11D3-BF4B-00C04F79EFBC}") = "Pablo_Palacios_Unit4_IT481", "Pablo_Palacios_Unit4_IT481\Pablo_Palacios_Unit4_IT481.csproj", "{2CFF1CA5-3439-4D78-8A19-F67BE9F49763}"
EndProject
Project("{FAE04EC0-301F-11D3-BF4B-00C04F79EFBC}") = "TestProject1", "TestProject1\TestProject1.csproj", "{4E544FF7-35B1-49C5-B69C-013C75D112DD}"
EndProject
Global
	GlobalSection(SolutionConfigurationPlatforms) = preSolution
		Debug|Any CPU = Debug|Any CPU
		Release|Any CPU = Release|Any CPU
	EndGlobalSection
	GlobalSection(ProjectConfigurationPlatforms) = postSolution
		{2CFF1CA5-3439-4D78-8A19-F67BE9F49763}.Debug|Any CPU.ActiveCfg = Debug|Any CPU
		{2CFF1CA5-3439-4D78-8A19-F67BE9F49763}.Debug|Any CPU.Build.0 = Debug|Any CPU
		{2CFF1CA5-3439-4D78-8A19-F67BE9F49763}.Release|Any CPU.ActiveCfg = Release|Any CPU
		{2CFF1CA5-3439-4D78-8A19-F67BE9F49763}.Release|Any CPU.Build.0 = Release|Any CPU
		{4E544FF7-35B1-49C5-B69C-013C75D112DD}.Debug|Any CPU.ActiveCfg = Debug|Any CPU
		{4E544FF7-35B1-49C5-B69C-013C75D112DD}.Debug|Any CPU.Build.0 = Debug|Any CPU
		{4E544FF7-35B1-49C5-B69C-013C75D112DD}.Release|Any CPU.ActiveCfg = Release|Any CPU
		{4E544FF7-35B1-49C5-B69C-013C75D112DD}.Release|Any CPU.Build.0 = Release|Any CPU
	EndGlobalSection
	GlobalSection(SolutionProperties) = preSolution
		HideSolutionNode = FALSE
	EndGlobalSection
	GlobalSection(ExtensibilityGlobals) = postSolution
		SolutionGuid = {56D7D6B8-4D12-432E-BC3F-FE252BA9FB5E}
	EndGlobalSection
EndGlobal
